
Microsoft Visual Studio Solution File, Format Version 12.00
Project("{FAE04EC0-301F-11D3-BF4B-00C04F79EFBC}") = "trainingProject", "trainingProject\trainingProject.csproj", "{880FE4AC-F006-4603-A464-907405C59BD7}"
EndProject
Project("{FAE04EC0-301F-11D3-BF4B-00C04F79EFBC}") = "trainingProject.Data", "trainingProject.Data\trainingProject.Data.csproj", "{C4ECF07D-BA40-4C43-B72F-B4C506FDBE86}"
EndProject
Project("{FAE04EC0-301F-11D3-BF4B-00C04F79EFBC}") = "trainingProject.Abstractions", "trainingProject.Abstractions\trainingProject.Abstractions.csproj", "{653952A2-57B5-455D-AAF3-E77E7E9AAA8B}"
EndProject
Project("{FAE04EC0-301F-11D3-BF4B-00C04F79EFBC}") = "trainingProject.Common", "trainingProject.Common\trainingProject.Common.csproj", "{F7E455C1-A1CE-4786-B895-202048A067D7}"
EndProject
Global
	GlobalSection(SolutionConfigurationPlatforms) = preSolution
		Debug|Any CPU = Debug|Any CPU
		Release|Any CPU = Release|Any CPU
	EndGlobalSection
	GlobalSection(ProjectConfigurationPlatforms) = postSolution
		{880FE4AC-F006-4603-A464-907405C59BD7}.Debug|Any CPU.ActiveCfg = Debug|Any CPU
		{880FE4AC-F006-4603-A464-907405C59BD7}.Debug|Any CPU.Build.0 = Debug|Any CPU
		{880FE4AC-F006-4603-A464-907405C59BD7}.Release|Any CPU.ActiveCfg = Release|Any CPU
		{880FE4AC-F006-4603-A464-907405C59BD7}.Release|Any CPU.Build.0 = Release|Any CPU
		{C4ECF07D-BA40-4C43-B72F-B4C506FDBE86}.Debug|Any CPU.ActiveCfg = Debug|Any CPU
		{C4ECF07D-BA40-4C43-B72F-B4C506FDBE86}.Debug|Any CPU.Build.0 = Debug|Any CPU
		{C4ECF07D-BA40-4C43-B72F-B4C506FDBE86}.Release|Any CPU.ActiveCfg = Release|Any CPU
		{C4ECF07D-BA40-4C43-B72F-B4C506FDBE86}.Release|Any CPU.Build.0 = Release|Any CPU
		{653952A2-57B5-455D-AAF3-E77E7E9AAA8B}.Debug|Any CPU.ActiveCfg = Debug|Any CPU
		{653952A2-57B5-455D-AAF3-E77E7E9AAA8B}.Debug|Any CPU.Build.0 = Debug|Any CPU
		{653952A2-57B5-455D-AAF3-E77E7E9AAA8B}.Release|Any CPU.ActiveCfg = Release|Any CPU
		{653952A2-57B5-455D-AAF3-E77E7E9AAA8B}.Release|Any CPU.Build.0 = Release|Any CPU
		{F7E455C1-A1CE-4786-B895-202048A067D7}.Debug|Any CPU.ActiveCfg = Debug|Any CPU
		{F7E455C1-A1CE-4786-B895-202048A067D7}.Debug|Any CPU.Build.0 = Debug|Any CPU
		{F7E455C1-A1CE-4786-B895-202048A067D7}.Release|Any CPU.ActiveCfg = Release|Any CPU
		{F7E455C1-A1CE-4786-B895-202048A067D7}.Release|Any CPU.Build.0 = Release|Any CPU
	EndGlobalSection
EndGlobal
